{
  "name": "server",
  "version": "1.0.0",
  "lockfileVersion": 3,
  "requires": true,
  "packages": {
    "": {
      "name": "server",
      "version": "1.0.0",
      "license": "ISC",
      "dependencies": {
        "@huggingface/inference": "^4.0.3",
        "dotenv": "^16.5.0"
      }
    },
    "node_modules/@huggingface/inference": {
      "version": "4.0.3",
      "resolved": "https://registry.npmjs.org/@huggingface/inference/-/inference-4.0.3.tgz",
      "integrity": "sha512-TE1IvY+4DQJhjpJsFdBqDHu0Jg+p/+9G5UmW3hmLBcUJzy7P4J0yZky+VFniSVxI8dFA4eKKcW8/uYD+yZM9NA==",
      "license": "MIT",
      "dependencies": {
        "@huggingface/jinja": "^0.5.0",
        "@huggingface/tasks": "^0.19.12"
      },
      "engines": {
        "node": ">=18"
      }
    },
    "node_modules/@huggingface/jinja": {
      "version": "0.5.0",
      "resolved": "https://registry.npmjs.org/@huggingface/jinja/-/jinja-0.5.0.tgz",
      "integrity": "sha512-Ptc03/jGRiYRoi0bUYKZ14MkDslsBRT24oxmsvUlfYrvQMldrxCevhPnT+hfX8awKTT8/f/0ZBBWldoeAcMHdQ==",
      "license": "MIT",
      "engines": {
        "node": ">=18"
      }
    },
    "node_modules/@huggingface/tasks": {
      "version": "0.19.12",
      "resolved": "https://registry.npmjs.org/@huggingface/tasks/-/tasks-0.19.12.tgz",
      "integrity": "sha512-rg5+phoJg7SCqbUx9O9I+bfZkZBf6rqf2XGuN7M+uuwBSO4zO3V9s/Iqein1QSEhktR4g5OVBUZimodkX4ISkg==",
      "license": "MIT"
    },
    "node_modules/dotenv": {
      "version": "16.5.0",
      "resolved": "https://registry.npmjs.org/dotenv/-/dotenv-16.5.0.tgz",
      "integrity": "sha512-m/C+AwOAr9/W1UOIZUo232ejMNnJAJtYQjUbHoNTBNTJSvqzzDh7vnrei3o3r3m9blf6ZoDkvcw0VmozNRFJxg==",
      "license": "BSD-2-Clause",
      "engines": {
        "node": ">=12"
      },
      "funding": {
        "url": "https://dotenvx.com"
      }
    }
  }
}
